hash: f4ada06d521f2669560b23cd16aaa1c11b6f5617812043b1b4adb4a7b7bbe123
updated: 2018-01-10T13:28:20.296989638-05:00
imports:
- name: github.com/dc0d/workerpool
  version: 3d2f3651d7bd305d925aaae58c9409d8b90c265a
- name: github.com/imdario/mergo
  version: 7fe0c75c13abdee74b09fcacef5ea1c6bba6a874
  subpackages:
  - releases
- name: github.com/santhosh-tekuri/jsonschema
  version: 63accc9deedeee33b7caf4e241f8a9ebdf031069
  subpackages:
  - formats
  - loader
- name: github.com/sirupsen/logrus
  version: d682213848ed68c0a260ca37d6dd5ace8423f5ba
- name: github.com/urfave/cli
  version: cfb38830724cc34fedffe9a2a29fb54fa9169cd1
- name: github.com/xeipuuv/gojsonpointer
  version: 6fe8760cad3569743d51ddbb243b26f8456742dc
- name: github.com/xeipuuv/gojsonreference
  version: e02fc20de94c78484cd5ffb007f8af96be030a45
- name: golang.org/x/crypto
  version: 94eea52f7b742c7cbe0b03b22f0c4c8631ece122
  subpackages:
  - ssh/terminal
- name: golang.org/x/sys
  version: 53aa286056ef226755cd898109dbcdaba8ac0b81
  subpackages:
  - unix
  - windows
testImports: []
